
Microsoft Visual Studio Solution File, Format Version 12.00
# Visual Studio Version 16
VisualStudioVersion = 16.0.35229.62
MinimumVisualStudioVersion = 10.0.40219.1
Project("{FAE04EC0-301F-11D3-BF4B-00C04F79EFBC}") = "Cat-Dog_Veterinaria", "Cat-Dog_Veterinaria\Cat-Dog_Veterinaria.csproj", "{AD3DE938-6DB4-4218-9BA4-7994CD4CF014}"
EndProject
Global
	GlobalSection(SolutionConfigurationPlatforms) = preSolution
		Debug|Any CPU = Debug|Any CPU
		Release|Any CPU = Release|Any CPU
	EndGlobalSection
	GlobalSection(ProjectConfigurationPlatforms) = postSolution
		{AD3DE938-6DB4-4218-9BA4-7994CD4CF014}.Debug|Any CPU.ActiveCfg = Debug|Any CPU
		{AD3DE938-6DB4-4218-9BA4-7994CD4CF014}.Debug|Any CPU.Build.0 = Debug|Any CPU
		{AD3DE938-6DB4-4218-9BA4-7994CD4CF014}.Release|Any CPU.ActiveCfg = Release|Any CPU
		{AD3DE938-6DB4-4218-9BA4-7994CD4CF014}.Release|Any CPU.Build.0 = Release|Any CPU
	EndGlobalSection
	GlobalSection(SolutionProperties) = preSolution
		HideSolutionNode = FALSE
	EndGlobalSection
	GlobalSection(ExtensibilityGlobals) = postSolution
		SolutionGuid = {2713A2D6-5992-493C-AA2C-9904C38226C0}
	EndGlobalSection
EndGlobal
